// !$*UTF8*$!
{
	archiveVersion = 1;
	classes = {
	};
	objectVersion = 46;
	objects = {

/* Begin PBXBuildFile section */
		B82AA5F516A1FA8C00372202 /* UIKit.framework in Frameworks */ = {isa = PBXBuildFile; fileRef = B82AA5F416A1FA8C00372202 /* UIKit.framework */; };
		B82AA5F716A1FA8C00372202 /* Foundation.framework in Frameworks */ = {isa = PBXBuildFile; fileRef = B82AA5F616A1FA8C00372202 /* Foundation.framework */; };
		B82AA5F916A1FA8C00372202 /* CoreGraphics.framework in Frameworks */ = {isa = PBXBuildFile; fileRef = B82AA5F816A1FA8C00372202 /* CoreGraphics.framework */; };
		B82AA5FF16A1FA8C00372202 /* InfoPlist.strings in Resources */ = {isa = PBXBuildFile; fileRef = B82AA5FD16A1FA8C00372202 /* InfoPlist.strings */; };
		B82AA60116A1FA8C00372202 /* main.m in Sources */ = {isa = PBXBuildFile; fileRef = B82AA60016A1FA8C00372202 /* main.m */; };
		B82AA60516A1FA8C00372202 /* AppDelegate.m in Sources */ = {isa = PBXBuildFile; fileRef = B82AA60416A1FA8C00372202 /* AppDelegate.m */; };
		B82AA60716A1FA8C00372202 /* Default.png in Resources */ = {isa = PBXBuildFile; fileRef = B82AA60616A1FA8C00372202 /* Default.png */; };
		B82AA60916A1FA8C00372202 /* Default@2x.png in Resources */ = {isa = PBXBuildFile; fileRef = B82AA60816A1FA8C00372202 /* Default@2x.png */; };
		B82AA60B16A1FA8C00372202 /* Default-568h@2x.png in Resources */ = {isa = PBXBuildFile; fileRef = B82AA60A16A1FA8C00372202 /* Default-568h@2x.png */; };
		B82AA60E16A1FA8C00372202 /* ViewController.m in Sources */ = {isa = PBXBuildFile; fileRef = B82AA60D16A1FA8C00372202 /* ViewController.m */; };
		B82AA61116A1FA8C00372202 /* ViewController.xib in Resources */ = {isa = PBXBuildFile; fileRef = B82AA60F16A1FA8C00372202 /* ViewController.xib */; };
/* End PBXBuildFile section */

/* Begin PBXFileReference section */
		B82AA5F016A1FA8C00372202 /* CocoaPodsSample.app */ = {isa = PBXFileReference; explicitFileType = wrapper.application; includeInIndex = 0; path = CocoaPodsSample.app; sourceTree = BUILT_PRODUCTS_DIR; };
		B82AA5F416A1FA8C00372202 /* UIKit.framework */ = {isa = PBXFileReference; lastKnownFileType = wrapper.framework; name = UIKit.framework; path = System/Library/Frameworks/UIKit.framework; sourceTree = SDKROOT; };
		B82AA5F616A1FA8C00372202 /* Foundation.framework */ = {isa = PBXFileReference; lastKnownFileType = wrapper.framework; name = Foundation.framework; path = System/Library/Frameworks/Foundation.framework; sourceTree = SDKROOT; };
		B82AA5F816A1FA8C00372202 /* CoreGraphics.framework */ = {isa = PBXFileReference; lastKnownFileType = wrapper.framework; name = CoreGraphics.framework; path = System/Library/Frameworks/CoreGraphics.framework; sourceTree = SDKROOT; };
		B82AA5FC16A1FA8C00372202 /* CocoaPodsSample-Info.plist */ = {isa = PBXFileReference; lastKnownFileType = text.plist.xml; path = "CocoaPodsSample-Info.plist"; sourceTree = "<group>"; };
		B82AA5FE16A1FA8C00372202 /* en */ = {isa = PBXFileReference; lastKnownFileType = text.plist.strings; name = en; path = en.lproj/InfoPlist.strings; sourceTree = "<group>"; };
		B82AA60016A1FA8C00372202 /* main.m */ = {isa = PBXFileReference; lastKnownFileType = sourcecode.c.objc; path = main.m; sourceTree = "<group>"; };
		B82AA60216A1FA8C00372202 /* CocoaPodsSample-Prefix.pch */ = {isa = PBXFileReference; lastKnownFileType = sourcecode.c.h; path = "CocoaPodsSample-Prefix.pch"; sourceTree = "<group>"; };
		B82AA60316A1FA8C00372202 /* AppDelegate.h */ = {isa = PBXFileReference; lastKnownFileType = sourcecode.c.h; path = AppDelegate.h; sourceTree = "<group>"; };
		B82AA60416A1FA8C00372202 /* AppDelegate.m */ = {isa = PBXFileReference; lastKnownFileType = sourcecode.c.objc; path = AppDelegate.m; sourceTree = "<group>"; };
		B82AA60616A1FA8C00372202 /* Default.png */ = {isa = PBXFileReference; lastKnownFileType = image.png; path = Default.png; sourceTree = "<group>"; };
		B82AA60816A1FA8C00372202 /* Default@2x.png */ = {isa = PBXFileReference; lastKnownFileType = image.png; path = "Default@2x.png"; sourceTree = "<group>"; };
		B82AA60A16A1FA8C00372202 /* Default-568h@2x.png */ = {isa = PBXFileReference; lastKnownFileType = image.png; path = "Default-568h@2x.png"; sourceTree = "<group>"; };
		B82AA60C16A1FA8C00372202 /* ViewController.h */ = {isa = PBXFileReference; lastKnownFileType = sourcecode.c.h; path = ViewController.h; sourceTree = "<group>"; };
		B82AA60D16A1FA8C00372202 /* ViewController.m */ = {isa = PBXFileReference; lastKnownFileType = sourcecode.c.objc; path = ViewController.m; sourceTree = "<group>"; };
		B82AA61016A1FA8C00372202 /* en */ = {isa = PBXFileReference; lastKnownFileType = file.xib; name = en; path = en.lproj/ViewController.xib; sourceTree = "<group>"; };
/* End PBXFileReference section */

/* Begin PBXFrameworksBuildPhase section */
		B82AA5ED16A1FA8C00372202 /* Frameworks */ = {
			isa = PBXFrameworksBuildPhase;
			buildActionMask = 2147483647;
			files = (
				B82AA5F516A1FA8C00372202 /* UIKit.framework in Frameworks */,
				B82AA5F716A1FA8C00372202 /* Foundation.framework in Frameworks */,
				B82AA5F916A1FA8C00372202 /* CoreGraphics.framework in Frameworks */,
			);
			runOnlyForDeploymentPostprocessing = 0;
		};
/* End PBXFrameworksBuildPhase section */

/* Begin PBXGroup section */
		B82AA5E516A1FA8C00372202 = {
			isa = PBXGroup;
			children = (
				B82AA5FA16A1FA8C00372202 /* CocoaPodsSample */,
				B82AA5F316A1FA8C00372202 /* Frameworks */,
				B82AA5F116A1FA8C00372202 /* Products */,
			);
			sourceTree = "<group>";
		};
		B82AA5F116A1FA8C00372202 /* Products */ = {
			isa = PBXGroup;
			children = (
				B82AA5F016A1FA8C00372202 /* CocoaPodsSample.app */,
			);
			name = Products;
			sourceTree = "<group>";
		};
		B82AA5F316A1FA8C00372202 /* Frameworks */ = {
			isa = PBXGroup;
			children = (
				B82AA5F416A1FA8C00372202 /* UIKit.framework */,
				B82AA5F616A1FA8C00372202 /* Foundation.framework */,
				B82AA5F816A1FA8C00372202 /* CoreGraphics.framework */,
			);
			name = Frameworks;
			sourceTree = "<group>";
		};
		B82AA5FA16A1FA8C00372202 /* CocoaPodsSample */ = {
			isa = PBXGroup;
			children = (
				B82AA60316A1FA8C00372202 /* AppDelegate.h */,
				B82AA60416A1FA8C00372202 /* AppDelegate.m */,
				B82AA60C16A1FA8C00372202 /* ViewController.h */,
				B82AA60D16A1FA8C00372202 /* ViewController.m */,
				B82AA60F16A1FA8C00372202 /* ViewController.xib */,
				B82AA5FB16A1FA8C00372202 /* Supporting Files */,
			);
			path = CocoaPodsSample;
			sourceTree = "<group>";
		};
		B82AA5FB16A1FA8C00372202 /* Supporting Files */ = {
			isa = PBXGroup;
			children = (
				B82AA5FC16A1FA8C00372202 /* CocoaPodsSample-Info.plist */,
				B82AA5FD16A1FA8C00372202 /* InfoPlist.strings */,
				B82AA60016A1FA8C00372202 /* main.m */,
				B82AA60216A1FA8C00372202 /* CocoaPodsSample-Prefix.pch */,
				B82AA60616A1FA8C00372202 /* Default.png */,
				B82AA60816A1FA8C00372202 /* Default@2x.png */,
				B82AA60A16A1FA8C00372202 /* Default-568h@2x.png */,
			);
			name = "Supporting Files";
			sourceTree = "<group>";
		};
/* End PBXGroup section */

/* Begin PBXNativeTarget section */
		B82AA5EF16A1FA8C00372202 /* CocoaPodsSample */ = {
			isa = PBXNativeTarget;
			buildConfigurationList = B82AA61416A1FA8C00372202 /* Build configuration list for PBXNativeTarget "CocoaPodsSample" */;
			buildPhases = (
				B82AA5EC16A1FA8C00372202 /* Sources */,
				B82AA5ED16A1FA8C00372202 /* Frameworks */,
				B82AA5EE16A1FA8C00372202 /* Resources */,
			);
			buildRules = (
			);
			dependencies = (
			);
			name = CocoaPodsSample;
			productName = CocoaPodsSample;
			productReference = B82AA5F016A1FA8C00372202 /* CocoaPodsSample.app */;
			productType = "com.apple.product-type.application";
		};
/* End PBXNativeTarget section */

/* Begin PBXProject section */
		B82AA5E716A1FA8C00372202 /* Project object */ = {
			isa = PBXProject;
			attributes = {
				LastUpgradeCheck = 0450;
				ORGANIZATIONNAME = "Grégoire Jacquin";
			};
			buildConfigurationList = B82AA5EA16A1FA8C00372202 /* Build configuration list for PBXProject "CocoaPodsSample" */;
			compatibilityVersion = "Xcode 3.2";
			developmentRegion = English;
			hasScannedForEncodings = 0;
			knownRegions = (
				en,
			);
			mainGroup = B82AA5E516A1FA8C00372202;
			productRefGroup = B82AA5F116A1FA8C00372202 /* Products */;
			projectDirPath = "";
			projectRoot = "";
			targets = (
				B82AA5EF16A1FA8C00372202 /* CocoaPodsSample */,
			);
		};
/* End PBXProject section */

/* Begin PBXResourcesBuildPhase section */
		B82AA5EE16A1FA8C00372202 /* Resources */ = {
			isa = PBXResourcesBuildPhase;
			buildActionMask = 2147483647;
			files = (
				B82AA5FF16A1FA8C00372202 /* InfoPlist.strings in Resources */,
				B82AA60716A1FA8C00372202 /* Default.png in Resources */,
				B82AA60916A1FA8C00372202 /* Default@2x.png in Resources */,
				B82AA60B16A1FA8C00372202 /* Default-568h@2x.png in Resources */,
				B82AA61116A1FA8C00372202 /* ViewController.xib in Resources */,
			);
			runOnlyForDeploymentPostprocessing = 0;
		};
/* End PBXResourcesBuildPhase section */

/* Begin PBXSourcesBuildPhase section */
		B82AA5EC16A1FA8C00372202 /* Sources */ = {
			isa = PBXSourcesBuildPhase;
			buildActionMask = 2147483647;
			files = (
				B82AA60116A1FA8C00372202 /* main.m in Sources */,
				B82AA60516A1FA8C00372202 /* AppDelegate.m in Sources */,
				B82AA60E16A1FA8C00372202 /* ViewController.m in Sources */,
			);
			runOnlyForDeploymentPostprocessing = 0;
		};
/* End PBXSourcesBuildPhase section */

/* Begin PBXVariantGroup section */
		B82AA5FD16A1FA8C00372202 /* InfoPlist.strings */ = {
			isa = PBXVariantGroup;
			children = (
				B82AA5FE16A1FA8C00372202 /* en */,
			);
			name = InfoPlist.strings;
			sourceTree = "<group>";
		};
		B82AA60F16A1FA8C00372202 /* ViewController.xib */ = {
			isa = PBXVariantGroup;
			children = (
				B82AA61016A1FA8C00372202 /* en */,
			);
			name = ViewController.xib;
			sourceTree = "<group>";
		};
/* End PBXVariantGroup section */

/* Begin XCBuildConfiguration section */
		B82AA61216A1FA8C00372202 /* Debug */ = {
			isa = XCBuildConfiguration;
			buildSettings = {
				ALWAYS_SEARCH_USER_PATHS = NO;
				CLANG_CXX_LANGUAGE_STANDARD = "gnu++0x";
				CLANG_CXX_LIBRARY = "libc++";
				CLANG_WARN_EMPTY_BODY = YES;
				CLANG_WARN__DUPLICATE_METHOD_MATCH = YES;
				"CODE_SIGN_IDENTITY[sdk=iphoneos*]" = "iPhone Developer";
				COPY_PHASE_STRIP = NO;
				GCC_C_LANGUAGE_STANDARD = gnu99;
				GCC_DYNAMIC_NO_PIC = NO;
				GCC_OPTIMIZATION_LEVEL = 0;
				GCC_PREPROCESSOR_DEFINITIONS = (
					"DEBUG=1",
					"$(inherited)",
				);
				GCC_SYMBOLS_PRIVATE_EXTERN = NO;
				GCC_WARN_ABOUT_RETURN_TYPE = YES;
				GCC_WARN_UNINITIALIZED_AUTOS = YES;
				GCC_WARN_UNUSED_VARIABLE = YES;
				IPHONEOS_DEPLOYMENT_TARGET = 6.0;
				ONLY_ACTIVE_ARCH = YES;
				SDKROOT = iphoneos;
			};
			name = Debug;
		};
		B82AA61316A1FA8C00372202 /* Release */ = {
			isa = XCBuildConfiguration;
			buildSettings = {
				ALWAYS_SEARCH_USER_PATHS = NO;
				CLANG_CXX_LANGUAGE_STANDARD = "gnu++0x";
				CLANG_CXX_LIBRARY = "libc++";
				CLANG_WARN_EMPTY_BODY = YES;
				CLANG_WARN__DUPLICATE_METHOD_MATCH = YES;
				"CODE_SIGN_IDENTITY[sdk=iphoneos*]" = "iPhone Developer";
				COPY_PHASE_STRIP = YES;
				GCC_C_LANGUAGE_STANDARD = gnu99;
				GCC_WARN_ABOUT_RETURN_TYPE = YES;
				GCC_WARN_UNINITIALIZED_AUTOS = YES;
				GCC_WARN_UNUSED_VARIABLE = YES;
				IPHONEOS_DEPLOYMENT_TARGET = 6.0;
				OTHER_CFLAGS = "-DNS_BLOCK_ASSERTIONS=1";
				SDKROOT = iphoneos;
				VALIDATE_PRODUCT = YES;
			};
			name = Release;
		};
		B82AA61516A1FA8C00372202 /* Debug */ = {
			isa = XCBuildConfiguration;
			buildSettings = {
				GCC_PRECOMPILE_PREFIX_HEADER = YES;
				GCC_PREFIX_HEADER = "CocoaPodsSample/CocoaPodsSample-Prefix.pch";
				INFOPLIST_FILE = "CocoaPodsSample/CocoaPodsSample-Info.plist";
				PRODUCT_NAME = "$(TARGET_NAME)";
				WRAPPER_EXTENSION = app;
			};
			name = Debug;
		};
		B82AA61616A1FA8C00372202 /* Release */ = {
			isa = XCBuildConfiguration;
			buildSettings = {
				GCC_PRECOMPILE_PREFIX_HEADER = YES;
				GCC_PREFIX_HEADER = "CocoaPodsSample/CocoaPodsSample-Prefix.pch";
				INFOPLIST_FILE = "CocoaPodsSample/CocoaPodsSample-Info.plist";
				PRODUCT_NAME = "$(TARGET_NAME)";
				WRAPPER_EXTENSION = app;
			};
			name = Release;
		};
/* End XCBuildConfiguration section */

/* Begin XCConfigurationList section */
		B82AA5EA16A1FA8C00372202 /* Build configuration list for PBXProject "CocoaPodsSample" */ = {
			isa = XCConfigurationList;
			buildConfigurations = (
				B82AA61216A1FA8C00372202 /* Debug */,
				B82AA61316A1FA8C00372202 /* Release */,
			);
			defaultConfigurationIsVisible = 0;
			defaultConfigurationName = Release;
		};
		B82AA61416A1FA8C00372202 /* Build configuration list for PBXNativeTarget "CocoaPodsSample" */ = {
			isa = XCConfigurationList;
			buildConfigurations = (
				B82AA61516A1FA8C00372202 /* Debug */,
				B82AA61616A1FA8C00372202 /* Release */,
			);
			defaultConfigurationIsVisible = 0;
		};
/* End XCConfigurationList section */
	};
	rootObject = B82AA5E716A1FA8C00372202 /* Project object */;
}
