// !$*UTF8*$!
{
	archiveVersion = 1;
	classes = {
	};
	objectVersion = 46;
	objects = {

/* Begin PBXBuildFile section */
		434C20973D3D4D9C8125EC57 /* libPods.a in Frameworks */ = {isa = PBXBuildFile; fileRef = 7BB7336266234429A2AE9FA2 /* libPods.a */; };
		B894858416A3684C0060DDB2 /* UIKit.framework in Frameworks */ = {isa = PBXBuildFile; fileRef = B894858316A3684C0060DDB2 /* UIKit.framework */; };
		B894858616A3684C0060DDB2 /* Foundation.framework in Frameworks */ = {isa = PBXBuildFile; fileRef = B894858516A3684C0060DDB2 /* Foundation.framework */; };
		B894858816A3684C0060DDB2 /* CoreGraphics.framework in Frameworks */ = {isa = PBXBuildFile; fileRef = B894858716A3684C0060DDB2 /* CoreGraphics.framework */; };
		B894858E16A3684C0060DDB2 /* InfoPlist.strings in Resources */ = {isa = PBXBuildFile; fileRef = B894858C16A3684C0060DDB2 /* InfoPlist.strings */; };
		B894859016A3684C0060DDB2 /* main.m in Sources */ = {isa = PBXBuildFile; fileRef = B894858F16A3684C0060DDB2 /* main.m */; };
		B894859416A3684C0060DDB2 /* AppDelegate.m in Sources */ = {isa = PBXBuildFile; fileRef = B894859316A3684C0060DDB2 /* AppDelegate.m */; };
		B894859616A3684C0060DDB2 /* Default.png in Resources */ = {isa = PBXBuildFile; fileRef = B894859516A3684C0060DDB2 /* Default.png */; };
		B894859816A3684C0060DDB2 /* Default@2x.png in Resources */ = {isa = PBXBuildFile; fileRef = B894859716A3684C0060DDB2 /* Default@2x.png */; };
		B894859A16A3684C0060DDB2 /* Default-568h@2x.png in Resources */ = {isa = PBXBuildFile; fileRef = B894859916A3684C0060DDB2 /* Default-568h@2x.png */; };
		B894859D16A3684C0060DDB2 /* ViewController.m in Sources */ = {isa = PBXBuildFile; fileRef = B894859C16A3684C0060DDB2 /* ViewController.m */; };
		B89485A016A3684C0060DDB2 /* ViewController.xib in Resources */ = {isa = PBXBuildFile; fileRef = B894859E16A3684C0060DDB2 /* ViewController.xib */; };
		B8C3704416A3772700E6794B /* avatar.jpg in Resources */ = {isa = PBXBuildFile; fileRef = B8C3704316A3772700E6794B /* avatar.jpg */; };
/* End PBXBuildFile section */

/* Begin PBXFileReference section */
		7BB7336266234429A2AE9FA2 /* libPods.a */ = {isa = PBXFileReference; explicitFileType = archive.ar; includeInIndex = 0; path = libPods.a; sourceTree = BUILT_PRODUCTS_DIR; };
		B894857F16A3684C0060DDB2 /* EasySampleAFNetworking.app */ = {isa = PBXFileReference; explicitFileType = wrapper.application; includeInIndex = 0; path = EasySampleAFNetworking.app; sourceTree = BUILT_PRODUCTS_DIR; };
		B894858316A3684C0060DDB2 /* UIKit.framework */ = {isa = PBXFileReference; lastKnownFileType = wrapper.framework; name = UIKit.framework; path = System/Library/Frameworks/UIKit.framework; sourceTree = SDKROOT; };
		B894858516A3684C0060DDB2 /* Foundation.framework */ = {isa = PBXFileReference; lastKnownFileType = wrapper.framework; name = Foundation.framework; path = System/Library/Frameworks/Foundation.framework; sourceTree = SDKROOT; };
		B894858716A3684C0060DDB2 /* CoreGraphics.framework */ = {isa = PBXFileReference; lastKnownFileType = wrapper.framework; name = CoreGraphics.framework; path = System/Library/Frameworks/CoreGraphics.framework; sourceTree = SDKROOT; };
		B894858B16A3684C0060DDB2 /* EasySampleAFNetworking-Info.plist */ = {isa = PBXFileReference; lastKnownFileType = text.plist.xml; path = "EasySampleAFNetworking-Info.plist"; sourceTree = "<group>"; };
		B894858D16A3684C0060DDB2 /* en */ = {isa = PBXFileReference; lastKnownFileType = text.plist.strings; name = en; path = en.lproj/InfoPlist.strings; sourceTree = "<group>"; };
		B894858F16A3684C0060DDB2 /* main.m */ = {isa = PBXFileReference; lastKnownFileType = sourcecode.c.objc; path = main.m; sourceTree = "<group>"; };
		B894859116A3684C0060DDB2 /* EasySampleAFNetworking-Prefix.pch */ = {isa = PBXFileReference; lastKnownFileType = sourcecode.c.h; path = "EasySampleAFNetworking-Prefix.pch"; sourceTree = "<group>"; };
		B894859216A3684C0060DDB2 /* AppDelegate.h */ = {isa = PBXFileReference; lastKnownFileType = sourcecode.c.h; path = AppDelegate.h; sourceTree = "<group>"; };
		B894859316A3684C0060DDB2 /* AppDelegate.m */ = {isa = PBXFileReference; lastKnownFileType = sourcecode.c.objc; path = AppDelegate.m; sourceTree = "<group>"; };
		B894859516A3684C0060DDB2 /* Default.png */ = {isa = PBXFileReference; lastKnownFileType = image.png; path = Default.png; sourceTree = "<group>"; };
		B894859716A3684C0060DDB2 /* Default@2x.png */ = {isa = PBXFileReference; lastKnownFileType = image.png; path = "Default@2x.png"; sourceTree = "<group>"; };
		B894859916A3684C0060DDB2 /* Default-568h@2x.png */ = {isa = PBXFileReference; lastKnownFileType = image.png; path = "Default-568h@2x.png"; sourceTree = "<group>"; };
		B894859B16A3684C0060DDB2 /* ViewController.h */ = {isa = PBXFileReference; lastKnownFileType = sourcecode.c.h; path = ViewController.h; sourceTree = "<group>"; };
		B894859C16A3684C0060DDB2 /* ViewController.m */ = {isa = PBXFileReference; lastKnownFileType = sourcecode.c.objc; path = ViewController.m; sourceTree = "<group>"; };
		B894859F16A3684C0060DDB2 /* en */ = {isa = PBXFileReference; lastKnownFileType = file.xib; name = en; path = en.lproj/ViewController.xib; sourceTree = "<group>"; };
		B8C3704316A3772700E6794B /* avatar.jpg */ = {isa = PBXFileReference; lastKnownFileType = image.jpeg; name = avatar.jpg; path = ../avatar.jpg; sourceTree = "<group>"; };
		F219384240164D16903D16E4 /* Pods.xcconfig */ = {isa = PBXFileReference; includeInIndex = 1; lastKnownFileType = text.xcconfig; name = Pods.xcconfig; path = Pods/Pods.xcconfig; sourceTree = SOURCE_ROOT; };
/* End PBXFileReference section */

/* Begin PBXFrameworksBuildPhase section */
		B894857C16A3684B0060DDB2 /* Frameworks */ = {
			isa = PBXFrameworksBuildPhase;
			buildActionMask = 2147483647;
			files = (
				B894858416A3684C0060DDB2 /* UIKit.framework in Frameworks */,
				B894858616A3684C0060DDB2 /* Foundation.framework in Frameworks */,
				B894858816A3684C0060DDB2 /* CoreGraphics.framework in Frameworks */,
				434C20973D3D4D9C8125EC57 /* libPods.a in Frameworks */,
			);
			runOnlyForDeploymentPostprocessing = 0;
		};
/* End PBXFrameworksBuildPhase section */

/* Begin PBXGroup section */
		B894857416A3684B0060DDB2 = {
			isa = PBXGroup;
			children = (
				B894858916A3684C0060DDB2 /* EasySampleAFNetworking */,
				B894858216A3684C0060DDB2 /* Frameworks */,
				B894858016A3684C0060DDB2 /* Products */,
				F219384240164D16903D16E4 /* Pods.xcconfig */,
			);
			sourceTree = "<group>";
		};
		B894858016A3684C0060DDB2 /* Products */ = {
			isa = PBXGroup;
			children = (
				B894857F16A3684C0060DDB2 /* EasySampleAFNetworking.app */,
			);
			name = Products;
			sourceTree = "<group>";
		};
		B894858216A3684C0060DDB2 /* Frameworks */ = {
			isa = PBXGroup;
			children = (
				B894858316A3684C0060DDB2 /* UIKit.framework */,
				B894858516A3684C0060DDB2 /* Foundation.framework */,
				B894858716A3684C0060DDB2 /* CoreGraphics.framework */,
				7BB7336266234429A2AE9FA2 /* libPods.a */,
			);
			name = Frameworks;
			sourceTree = "<group>";
		};
		B894858916A3684C0060DDB2 /* EasySampleAFNetworking */ = {
			isa = PBXGroup;
			children = (
				B8C3704316A3772700E6794B /* avatar.jpg */,
				B894859216A3684C0060DDB2 /* AppDelegate.h */,
				B894859316A3684C0060DDB2 /* AppDelegate.m */,
				B894859B16A3684C0060DDB2 /* ViewController.h */,
				B894859C16A3684C0060DDB2 /* ViewController.m */,
				B894859E16A3684C0060DDB2 /* ViewController.xib */,
				B894858A16A3684C0060DDB2 /* Supporting Files */,
			);
			path = EasySampleAFNetworking;
			sourceTree = "<group>";
		};
		B894858A16A3684C0060DDB2 /* Supporting Files */ = {
			isa = PBXGroup;
			children = (
				B894858B16A3684C0060DDB2 /* EasySampleAFNetworking-Info.plist */,
				B894858C16A3684C0060DDB2 /* InfoPlist.strings */,
				B894858F16A3684C0060DDB2 /* main.m */,
				B894859116A3684C0060DDB2 /* EasySampleAFNetworking-Prefix.pch */,
				B894859516A3684C0060DDB2 /* Default.png */,
				B894859716A3684C0060DDB2 /* Default@2x.png */,
				B894859916A3684C0060DDB2 /* Default-568h@2x.png */,
			);
			name = "Supporting Files";
			sourceTree = "<group>";
		};
/* End PBXGroup section */

/* Begin PBXNativeTarget section */
		B894857E16A3684B0060DDB2 /* EasySampleAFNetworking */ = {
			isa = PBXNativeTarget;
			buildConfigurationList = B89485A316A3684C0060DDB2 /* Build configuration list for PBXNativeTarget "EasySampleAFNetworking" */;
			buildPhases = (
				B894857B16A3684B0060DDB2 /* Sources */,
				B894857C16A3684B0060DDB2 /* Frameworks */,
				B894857D16A3684B0060DDB2 /* Resources */,
				8207D7DBCB284E9C92E895F9 /* Copy Pods Resources */,
			);
			buildRules = (
			);
			dependencies = (
			);
			name = EasySampleAFNetworking;
			productName = EasySampleAFNetworking;
			productReference = B894857F16A3684C0060DDB2 /* EasySampleAFNetworking.app */;
			productType = "com.apple.product-type.application";
		};
/* End PBXNativeTarget section */

/* Begin PBXProject section */
		B894857616A3684B0060DDB2 /* Project object */ = {
			isa = PBXProject;
			attributes = {
				LastUpgradeCheck = 0450;
				ORGANIZATIONNAME = "Gr√©goire Jacquin";
			};
			buildConfigurationList = B894857916A3684B0060DDB2 /* Build configuration list for PBXProject "EasySampleAFNetworking" */;
			compatibilityVersion = "Xcode 3.2";
			developmentRegion = English;
			hasScannedForEncodings = 0;
			knownRegions = (
				en,
			);
			mainGroup = B894857416A3684B0060DDB2;
			productRefGroup = B894858016A3684C0060DDB2 /* Products */;
			projectDirPath = "";
			projectRoot = "";
			targets = (
				B894857E16A3684B0060DDB2 /* EasySampleAFNetworking */,
			);
		};
/* End PBXProject section */

/* Begin PBXResourcesBuildPhase section */
		B894857D16A3684B0060DDB2 /* Resources */ = {
			isa = PBXResourcesBuildPhase;
			buildActionMask = 2147483647;
			files = (
				B894858E16A3684C0060DDB2 /* InfoPlist.strings in Resources */,
				B894859616A3684C0060DDB2 /* Default.png in Resources */,
				B894859816A3684C0060DDB2 /* Default@2x.png in Resources */,
				B894859A16A3684C0060DDB2 /* Default-568h@2x.png in Resources */,
				B89485A016A3684C0060DDB2 /* ViewController.xib in Resources */,
				B8C3704416A3772700E6794B /* avatar.jpg in Resources */,
			);
			runOnlyForDeploymentPostprocessing = 0;
		};
/* End PBXResourcesBuildPhase section */

/* Begin PBXShellScriptBuildPhase section */
		8207D7DBCB284E9C92E895F9 /* Copy Pods Resources */ = {
			isa = PBXShellScriptBuildPhase;
			buildActionMask = 2147483647;
			files = (
			);
			inputPaths = (
			);
			name = "Copy Pods Resources";
			outputPaths = (
			);
			runOnlyForDeploymentPostprocessing = 0;
			shellPath = /bin/sh;
			shellScript = "\"${SRCROOT}/Pods/Pods-resources.sh\"\n";
		};
/* End PBXShellScriptBuildPhase section */

/* Begin PBXSourcesBuildPhase section */
		B894857B16A3684B0060DDB2 /* Sources */ = {
			isa = PBXSourcesBuildPhase;
			buildActionMask = 2147483647;
			files = (
				B894859016A3684C0060DDB2 /* main.m in Sources */,
				B894859416A3684C0060DDB2 /* AppDelegate.m in Sources */,
				B894859D16A3684C0060DDB2 /* ViewController.m in Sources */,
			);
			runOnlyForDeploymentPostprocessing = 0;
		};
/* End PBXSourcesBuildPhase section */

/* Begin PBXVariantGroup section */
		B894858C16A3684C0060DDB2 /* InfoPlist.strings */ = {
			isa = PBXVariantGroup;
			children = (
				B894858D16A3684C0060DDB2 /* en */,
			);
			name = InfoPlist.strings;
			sourceTree = "<group>";
		};
		B894859E16A3684C0060DDB2 /* ViewController.xib */ = {
			isa = PBXVariantGroup;
			children = (
				B894859F16A3684C0060DDB2 /* en */,
			);
			name = ViewController.xib;
			sourceTree = "<group>";
		};
/* End PBXVariantGroup section */

/* Begin XCBuildConfiguration section */
		B89485A116A3684C0060DDB2 /* Debug */ = {
			isa = XCBuildConfiguration;
			buildSettings = {
				ALWAYS_SEARCH_USER_PATHS = NO;
				CLANG_CXX_LANGUAGE_STANDARD = "gnu++0x";
				CLANG_CXX_LIBRARY = "libc++";
				CLANG_WARN_EMPTY_BODY = YES;
				CLANG_WARN__DUPLICATE_METHOD_MATCH = YES;
				"CODE_SIGN_IDENTITY[sdk=iphoneos*]" = "iPhone Developer";
				COPY_PHASE_STRIP = NO;
				GCC_C_LANGUAGE_STANDARD = gnu99;
				GCC_DYNAMIC_NO_PIC = NO;
				GCC_OPTIMIZATION_LEVEL = 0;
				GCC_PREPROCESSOR_DEFINITIONS = (
					"DEBUG=1",
					"$(inherited)",
				);
				GCC_SYMBOLS_PRIVATE_EXTERN = NO;
				GCC_WARN_ABOUT_RETURN_TYPE = YES;
				GCC_WARN_UNINITIALIZED_AUTOS = YES;
				GCC_WARN_UNUSED_VARIABLE = YES;
				IPHONEOS_DEPLOYMENT_TARGET = 6.0;
				ONLY_ACTIVE_ARCH = YES;
				SDKROOT = iphoneos;
			};
			name = Debug;
		};
		B89485A216A3684C0060DDB2 /* Release */ = {
			isa = XCBuildConfiguration;
			buildSettings = {
				ALWAYS_SEARCH_USER_PATHS = NO;
				CLANG_CXX_LANGUAGE_STANDARD = "gnu++0x";
				CLANG_CXX_LIBRARY = "libc++";
				CLANG_WARN_EMPTY_BODY = YES;
				CLANG_WARN__DUPLICATE_METHOD_MATCH = YES;
				"CODE_SIGN_IDENTITY[sdk=iphoneos*]" = "iPhone Developer";
				COPY_PHASE_STRIP = YES;
				GCC_C_LANGUAGE_STANDARD = gnu99;
				GCC_WARN_ABOUT_RETURN_TYPE = YES;
				GCC_WARN_UNINITIALIZED_AUTOS = YES;
				GCC_WARN_UNUSED_VARIABLE = YES;
				IPHONEOS_DEPLOYMENT_TARGET = 6.0;
				OTHER_CFLAGS = "-DNS_BLOCK_ASSERTIONS=1";
				SDKROOT = iphoneos;
				VALIDATE_PRODUCT = YES;
			};
			name = Release;
		};
		B89485A416A3684C0060DDB2 /* Debug */ = {
			isa = XCBuildConfiguration;
			baseConfigurationReference = F219384240164D16903D16E4 /* Pods.xcconfig */;
			buildSettings = {
				GCC_PRECOMPILE_PREFIX_HEADER = YES;
				GCC_PREFIX_HEADER = "EasySampleAFNetworking/EasySampleAFNetworking-Prefix.pch";
				INFOPLIST_FILE = "EasySampleAFNetworking/EasySampleAFNetworking-Info.plist";
				PRODUCT_NAME = "$(TARGET_NAME)";
				WRAPPER_EXTENSION = app;
			};
			name = Debug;
		};
		B89485A516A3684C0060DDB2 /* Release */ = {
			isa = XCBuildConfiguration;
			baseConfigurationReference = F219384240164D16903D16E4 /* Pods.xcconfig */;
			buildSettings = {
				GCC_PRECOMPILE_PREFIX_HEADER = YES;
				GCC_PREFIX_HEADER = "EasySampleAFNetworking/EasySampleAFNetworking-Prefix.pch";
				INFOPLIST_FILE = "EasySampleAFNetworking/EasySampleAFNetworking-Info.plist";
				PRODUCT_NAME = "$(TARGET_NAME)";
				WRAPPER_EXTENSION = app;
			};
			name = Release;
		};
/* End XCBuildConfiguration section */

/* Begin XCConfigurationList section */
		B894857916A3684B0060DDB2 /* Build configuration list for PBXProject "EasySampleAFNetworking" */ = {
			isa = XCConfigurationList;
			buildConfigurations = (
				B89485A116A3684C0060DDB2 /* Debug */,
				B89485A216A3684C0060DDB2 /* Release */,
			);
			defaultConfigurationIsVisible = 0;
			defaultConfigurationName = Release;
		};
		B89485A316A3684C0060DDB2 /* Build configuration list for PBXNativeTarget "EasySampleAFNetworking" */ = {
			isa = XCConfigurationList;
			buildConfigurations = (
				B89485A416A3684C0060DDB2 /* Debug */,
				B89485A516A3684C0060DDB2 /* Release */,
			);
			defaultConfigurationIsVisible = 0;
			defaultConfigurationName = Release;
		};
/* End XCConfigurationList section */
	};
	rootObject = B894857616A3684B0060DDB2 /* Project object */;
}
