// !$*UTF8*$!
{
	archiveVersion = 1;
	classes = {
	};
	objectVersion = 46;
	objects = {

/* Begin PBXBuildFile section */
		B84AF3DA169EEE2C00AC9D5D /* UIKit.framework in Frameworks */ = {isa = PBXBuildFile; fileRef = B84AF3D9169EEE2C00AC9D5D /* UIKit.framework */; };
		B84AF3DC169EEE2C00AC9D5D /* Foundation.framework in Frameworks */ = {isa = PBXBuildFile; fileRef = B84AF3DB169EEE2C00AC9D5D /* Foundation.framework */; };
		B84AF3DE169EEE2C00AC9D5D /* CoreGraphics.framework in Frameworks */ = {isa = PBXBuildFile; fileRef = B84AF3DD169EEE2C00AC9D5D /* CoreGraphics.framework */; };
		B84AF3E4169EEE2C00AC9D5D /* InfoPlist.strings in Resources */ = {isa = PBXBuildFile; fileRef = B84AF3E2169EEE2C00AC9D5D /* InfoPlist.strings */; };
		B84AF3E6169EEE2C00AC9D5D /* main.m in Sources */ = {isa = PBXBuildFile; fileRef = B84AF3E5169EEE2C00AC9D5D /* main.m */; };
		B84AF3EA169EEE2C00AC9D5D /* AppDelegate.m in Sources */ = {isa = PBXBuildFile; fileRef = B84AF3E9169EEE2C00AC9D5D /* AppDelegate.m */; };
		B84AF3EC169EEE2C00AC9D5D /* Default.png in Resources */ = {isa = PBXBuildFile; fileRef = B84AF3EB169EEE2C00AC9D5D /* Default.png */; };
		B84AF3EE169EEE2C00AC9D5D /* Default@2x.png in Resources */ = {isa = PBXBuildFile; fileRef = B84AF3ED169EEE2C00AC9D5D /* Default@2x.png */; };
		B84AF3F0169EEE2C00AC9D5D /* Default-568h@2x.png in Resources */ = {isa = PBXBuildFile; fileRef = B84AF3EF169EEE2C00AC9D5D /* Default-568h@2x.png */; };
		B84AF3F3169EEE2C00AC9D5D /* ViewController.m in Sources */ = {isa = PBXBuildFile; fileRef = B84AF3F2169EEE2C00AC9D5D /* ViewController.m */; };
		B84AF3F6169EEE2C00AC9D5D /* ViewController.xib in Resources */ = {isa = PBXBuildFile; fileRef = B84AF3F4169EEE2C00AC9D5D /* ViewController.xib */; };
/* End PBXBuildFile section */

/* Begin PBXFileReference section */
		B84AF3D5169EEE2C00AC9D5D /* CocoaPodsSample.app */ = {isa = PBXFileReference; explicitFileType = wrapper.application; includeInIndex = 0; path = CocoaPodsSample.app; sourceTree = BUILT_PRODUCTS_DIR; };
		B84AF3D9169EEE2C00AC9D5D /* UIKit.framework */ = {isa = PBXFileReference; lastKnownFileType = wrapper.framework; name = UIKit.framework; path = System/Library/Frameworks/UIKit.framework; sourceTree = SDKROOT; };
		B84AF3DB169EEE2C00AC9D5D /* Foundation.framework */ = {isa = PBXFileReference; lastKnownFileType = wrapper.framework; name = Foundation.framework; path = System/Library/Frameworks/Foundation.framework; sourceTree = SDKROOT; };
		B84AF3DD169EEE2C00AC9D5D /* CoreGraphics.framework */ = {isa = PBXFileReference; lastKnownFileType = wrapper.framework; name = CoreGraphics.framework; path = System/Library/Frameworks/CoreGraphics.framework; sourceTree = SDKROOT; };
		B84AF3E1169EEE2C00AC9D5D /* CocoaPodsSample-Info.plist */ = {isa = PBXFileReference; lastKnownFileType = text.plist.xml; path = "CocoaPodsSample-Info.plist"; sourceTree = "<group>"; };
		B84AF3E3169EEE2C00AC9D5D /* en */ = {isa = PBXFileReference; lastKnownFileType = text.plist.strings; name = en; path = en.lproj/InfoPlist.strings; sourceTree = "<group>"; };
		B84AF3E5169EEE2C00AC9D5D /* main.m */ = {isa = PBXFileReference; lastKnownFileType = sourcecode.c.objc; path = main.m; sourceTree = "<group>"; };
		B84AF3E7169EEE2C00AC9D5D /* CocoaPodsSample-Prefix.pch */ = {isa = PBXFileReference; lastKnownFileType = sourcecode.c.h; path = "CocoaPodsSample-Prefix.pch"; sourceTree = "<group>"; };
		B84AF3E8169EEE2C00AC9D5D /* AppDelegate.h */ = {isa = PBXFileReference; lastKnownFileType = sourcecode.c.h; path = AppDelegate.h; sourceTree = "<group>"; };
		B84AF3E9169EEE2C00AC9D5D /* AppDelegate.m */ = {isa = PBXFileReference; lastKnownFileType = sourcecode.c.objc; path = AppDelegate.m; sourceTree = "<group>"; };
		B84AF3EB169EEE2C00AC9D5D /* Default.png */ = {isa = PBXFileReference; lastKnownFileType = image.png; path = Default.png; sourceTree = "<group>"; };
		B84AF3ED169EEE2C00AC9D5D /* Default@2x.png */ = {isa = PBXFileReference; lastKnownFileType = image.png; path = "Default@2x.png"; sourceTree = "<group>"; };
		B84AF3EF169EEE2C00AC9D5D /* Default-568h@2x.png */ = {isa = PBXFileReference; lastKnownFileType = image.png; path = "Default-568h@2x.png"; sourceTree = "<group>"; };
		B84AF3F1169EEE2C00AC9D5D /* ViewController.h */ = {isa = PBXFileReference; lastKnownFileType = sourcecode.c.h; path = ViewController.h; sourceTree = "<group>"; };
		B84AF3F2169EEE2C00AC9D5D /* ViewController.m */ = {isa = PBXFileReference; lastKnownFileType = sourcecode.c.objc; path = ViewController.m; sourceTree = "<group>"; };
		B84AF3F5169EEE2C00AC9D5D /* en */ = {isa = PBXFileReference; lastKnownFileType = file.xib; name = en; path = en.lproj/ViewController.xib; sourceTree = "<group>"; };
/* End PBXFileReference section */

/* Begin PBXFrameworksBuildPhase section */
		B84AF3D2169EEE2C00AC9D5D /* Frameworks */ = {
			isa = PBXFrameworksBuildPhase;
			buildActionMask = 2147483647;
			files = (
				B84AF3DA169EEE2C00AC9D5D /* UIKit.framework in Frameworks */,
				B84AF3DC169EEE2C00AC9D5D /* Foundation.framework in Frameworks */,
				B84AF3DE169EEE2C00AC9D5D /* CoreGraphics.framework in Frameworks */,
			);
			runOnlyForDeploymentPostprocessing = 0;
		};
/* End PBXFrameworksBuildPhase section */

/* Begin PBXGroup section */
		B84AF3CA169EEE2C00AC9D5D = {
			isa = PBXGroup;
			children = (
				B84AF3DF169EEE2C00AC9D5D /* CocoaPodsSample */,
				B84AF3D8169EEE2C00AC9D5D /* Frameworks */,
				B84AF3D6169EEE2C00AC9D5D /* Products */,
			);
			sourceTree = "<group>";
		};
		B84AF3D6169EEE2C00AC9D5D /* Products */ = {
			isa = PBXGroup;
			children = (
				B84AF3D5169EEE2C00AC9D5D /* CocoaPodsSample.app */,
			);
			name = Products;
			sourceTree = "<group>";
		};
		B84AF3D8169EEE2C00AC9D5D /* Frameworks */ = {
			isa = PBXGroup;
			children = (
				B84AF3D9169EEE2C00AC9D5D /* UIKit.framework */,
				B84AF3DB169EEE2C00AC9D5D /* Foundation.framework */,
				B84AF3DD169EEE2C00AC9D5D /* CoreGraphics.framework */,
			);
			name = Frameworks;
			sourceTree = "<group>";
		};
		B84AF3DF169EEE2C00AC9D5D /* CocoaPodsSample */ = {
			isa = PBXGroup;
			children = (
				B84AF3E8169EEE2C00AC9D5D /* AppDelegate.h */,
				B84AF3E9169EEE2C00AC9D5D /* AppDelegate.m */,
				B84AF3F1169EEE2C00AC9D5D /* ViewController.h */,
				B84AF3F2169EEE2C00AC9D5D /* ViewController.m */,
				B84AF3F4169EEE2C00AC9D5D /* ViewController.xib */,
				B84AF3E0169EEE2C00AC9D5D /* Supporting Files */,
			);
			path = CocoaPodsSample;
			sourceTree = "<group>";
		};
		B84AF3E0169EEE2C00AC9D5D /* Supporting Files */ = {
			isa = PBXGroup;
			children = (
				B84AF3E1169EEE2C00AC9D5D /* CocoaPodsSample-Info.plist */,
				B84AF3E2169EEE2C00AC9D5D /* InfoPlist.strings */,
				B84AF3E5169EEE2C00AC9D5D /* main.m */,
				B84AF3E7169EEE2C00AC9D5D /* CocoaPodsSample-Prefix.pch */,
				B84AF3EB169EEE2C00AC9D5D /* Default.png */,
				B84AF3ED169EEE2C00AC9D5D /* Default@2x.png */,
				B84AF3EF169EEE2C00AC9D5D /* Default-568h@2x.png */,
			);
			name = "Supporting Files";
			sourceTree = "<group>";
		};
/* End PBXGroup section */

/* Begin PBXNativeTarget section */
		B84AF3D4169EEE2C00AC9D5D /* CocoaPodsSample */ = {
			isa = PBXNativeTarget;
			buildConfigurationList = B84AF3F9169EEE2C00AC9D5D /* Build configuration list for PBXNativeTarget "CocoaPodsSample" */;
			buildPhases = (
				B84AF3D1169EEE2C00AC9D5D /* Sources */,
				B84AF3D2169EEE2C00AC9D5D /* Frameworks */,
				B84AF3D3169EEE2C00AC9D5D /* Resources */,
			);
			buildRules = (
			);
			dependencies = (
			);
			name = CocoaPodsSample;
			productName = CocoaPodsSample;
			productReference = B84AF3D5169EEE2C00AC9D5D /* CocoaPodsSample.app */;
			productType = "com.apple.product-type.application";
		};
/* End PBXNativeTarget section */

/* Begin PBXProject section */
		B84AF3CC169EEE2C00AC9D5D /* Project object */ = {
			isa = PBXProject;
			attributes = {
				LastUpgradeCheck = 0450;
				ORGANIZATIONNAME = "Grégoire Jacquin";
			};
			buildConfigurationList = B84AF3CF169EEE2C00AC9D5D /* Build configuration list for PBXProject "CocoaPodsSample" */;
			compatibilityVersion = "Xcode 3.2";
			developmentRegion = English;
			hasScannedForEncodings = 0;
			knownRegions = (
				en,
			);
			mainGroup = B84AF3CA169EEE2C00AC9D5D;
			productRefGroup = B84AF3D6169EEE2C00AC9D5D /* Products */;
			projectDirPath = "";
			projectRoot = "";
			targets = (
				B84AF3D4169EEE2C00AC9D5D /* CocoaPodsSample */,
			);
		};
/* End PBXProject section */

/* Begin PBXResourcesBuildPhase section */
		B84AF3D3169EEE2C00AC9D5D /* Resources */ = {
			isa = PBXResourcesBuildPhase;
			buildActionMask = 2147483647;
			files = (
				B84AF3E4169EEE2C00AC9D5D /* InfoPlist.strings in Resources */,
				B84AF3EC169EEE2C00AC9D5D /* Default.png in Resources */,
				B84AF3EE169EEE2C00AC9D5D /* Default@2x.png in Resources */,
				B84AF3F0169EEE2C00AC9D5D /* Default-568h@2x.png in Resources */,
				B84AF3F6169EEE2C00AC9D5D /* ViewController.xib in Resources */,
			);
			runOnlyForDeploymentPostprocessing = 0;
		};
/* End PBXResourcesBuildPhase section */

/* Begin PBXSourcesBuildPhase section */
		B84AF3D1169EEE2C00AC9D5D /* Sources */ = {
			isa = PBXSourcesBuildPhase;
			buildActionMask = 2147483647;
			files = (
				B84AF3E6169EEE2C00AC9D5D /* main.m in Sources */,
				B84AF3EA169EEE2C00AC9D5D /* AppDelegate.m in Sources */,
				B84AF3F3169EEE2C00AC9D5D /* ViewController.m in Sources */,
			);
			runOnlyForDeploymentPostprocessing = 0;
		};
/* End PBXSourcesBuildPhase section */

/* Begin PBXVariantGroup section */
		B84AF3E2169EEE2C00AC9D5D /* InfoPlist.strings */ = {
			isa = PBXVariantGroup;
			children = (
				B84AF3E3169EEE2C00AC9D5D /* en */,
			);
			name = InfoPlist.strings;
			sourceTree = "<group>";
		};
		B84AF3F4169EEE2C00AC9D5D /* ViewController.xib */ = {
			isa = PBXVariantGroup;
			children = (
				B84AF3F5169EEE2C00AC9D5D /* en */,
			);
			name = ViewController.xib;
			sourceTree = "<group>";
		};
/* End PBXVariantGroup section */

/* Begin XCBuildConfiguration section */
		B84AF3F7169EEE2C00AC9D5D /* Debug */ = {
			isa = XCBuildConfiguration;
			buildSettings = {
				ALWAYS_SEARCH_USER_PATHS = NO;
				CLANG_CXX_LANGUAGE_STANDARD = "gnu++0x";
				CLANG_CXX_LIBRARY = "libc++";
				CLANG_WARN_EMPTY_BODY = YES;
				CLANG_WARN__DUPLICATE_METHOD_MATCH = YES;
				"CODE_SIGN_IDENTITY[sdk=iphoneos*]" = "iPhone Developer";
				COPY_PHASE_STRIP = NO;
				GCC_C_LANGUAGE_STANDARD = gnu99;
				GCC_DYNAMIC_NO_PIC = NO;
				GCC_OPTIMIZATION_LEVEL = 0;
				GCC_PREPROCESSOR_DEFINITIONS = (
					"DEBUG=1",
					"$(inherited)",
				);
				GCC_SYMBOLS_PRIVATE_EXTERN = NO;
				GCC_WARN_ABOUT_RETURN_TYPE = YES;
				GCC_WARN_UNINITIALIZED_AUTOS = YES;
				GCC_WARN_UNUSED_VARIABLE = YES;
				IPHONEOS_DEPLOYMENT_TARGET = 6.0;
				ONLY_ACTIVE_ARCH = YES;
				SDKROOT = iphoneos;
			};
			name = Debug;
		};
		B84AF3F8169EEE2C00AC9D5D /* Release */ = {
			isa = XCBuildConfiguration;
			buildSettings = {
				ALWAYS_SEARCH_USER_PATHS = NO;
				CLANG_CXX_LANGUAGE_STANDARD = "gnu++0x";
				CLANG_CXX_LIBRARY = "libc++";
				CLANG_WARN_EMPTY_BODY = YES;
				CLANG_WARN__DUPLICATE_METHOD_MATCH = YES;
				"CODE_SIGN_IDENTITY[sdk=iphoneos*]" = "iPhone Developer";
				COPY_PHASE_STRIP = YES;
				GCC_C_LANGUAGE_STANDARD = gnu99;
				GCC_WARN_ABOUT_RETURN_TYPE = YES;
				GCC_WARN_UNINITIALIZED_AUTOS = YES;
				GCC_WARN_UNUSED_VARIABLE = YES;
				IPHONEOS_DEPLOYMENT_TARGET = 6.0;
				OTHER_CFLAGS = "-DNS_BLOCK_ASSERTIONS=1";
				SDKROOT = iphoneos;
				VALIDATE_PRODUCT = YES;
			};
			name = Release;
		};
		B84AF3FA169EEE2C00AC9D5D /* Debug */ = {
			isa = XCBuildConfiguration;
			buildSettings = {
				GCC_PRECOMPILE_PREFIX_HEADER = YES;
				GCC_PREFIX_HEADER = "CocoaPodsSample/CocoaPodsSample-Prefix.pch";
				INFOPLIST_FILE = "CocoaPodsSample/CocoaPodsSample-Info.plist";
				PRODUCT_NAME = "$(TARGET_NAME)";
				WRAPPER_EXTENSION = app;
			};
			name = Debug;
		};
		B84AF3FB169EEE2C00AC9D5D /* Release */ = {
			isa = XCBuildConfiguration;
			buildSettings = {
				GCC_PRECOMPILE_PREFIX_HEADER = YES;
				GCC_PREFIX_HEADER = "CocoaPodsSample/CocoaPodsSample-Prefix.pch";
				INFOPLIST_FILE = "CocoaPodsSample/CocoaPodsSample-Info.plist";
				PRODUCT_NAME = "$(TARGET_NAME)";
				WRAPPER_EXTENSION = app;
			};
			name = Release;
		};
/* End XCBuildConfiguration section */

/* Begin XCConfigurationList section */
		B84AF3CF169EEE2C00AC9D5D /* Build configuration list for PBXProject "CocoaPodsSample" */ = {
			isa = XCConfigurationList;
			buildConfigurations = (
				B84AF3F7169EEE2C00AC9D5D /* Debug */,
				B84AF3F8169EEE2C00AC9D5D /* Release */,
			);
			defaultConfigurationIsVisible = 0;
			defaultConfigurationName = Release;
		};
		B84AF3F9169EEE2C00AC9D5D /* Build configuration list for PBXNativeTarget "CocoaPodsSample" */ = {
			isa = XCConfigurationList;
			buildConfigurations = (
				B84AF3FA169EEE2C00AC9D5D /* Debug */,
				B84AF3FB169EEE2C00AC9D5D /* Release */,
			);
			defaultConfigurationIsVisible = 0;
		};
/* End XCConfigurationList section */
	};
	rootObject = B84AF3CC169EEE2C00AC9D5D /* Project object */;
}
