// !$*UTF8*$!
{
	archiveVersion = 1;
	classes = {
	};
	objectVersion = 46;
	objects = {

/* Begin PBXBuildFile section */
		45C3304929CC4BECAC35456E /* libPods.a in Frameworks */ = {isa = PBXBuildFile; fileRef = 0E02A99441394FF89B24FA49 /* libPods.a */; };
		B824BC5716A41B330010B2EE /* UIKit.framework in Frameworks */ = {isa = PBXBuildFile; fileRef = B824BC5616A41B330010B2EE /* UIKit.framework */; };
		B824BC5916A41B330010B2EE /* Foundation.framework in Frameworks */ = {isa = PBXBuildFile; fileRef = B824BC5816A41B330010B2EE /* Foundation.framework */; };
		B824BC5B16A41B330010B2EE /* CoreGraphics.framework in Frameworks */ = {isa = PBXBuildFile; fileRef = B824BC5A16A41B330010B2EE /* CoreGraphics.framework */; };
		B824BC6116A41B330010B2EE /* InfoPlist.strings in Resources */ = {isa = PBXBuildFile; fileRef = B824BC5F16A41B330010B2EE /* InfoPlist.strings */; };
		B824BC6316A41B330010B2EE /* main.m in Sources */ = {isa = PBXBuildFile; fileRef = B824BC6216A41B330010B2EE /* main.m */; };
		B824BC6716A41B330010B2EE /* AppDelegate.m in Sources */ = {isa = PBXBuildFile; fileRef = B824BC6616A41B330010B2EE /* AppDelegate.m */; };
		B824BC6916A41B330010B2EE /* Default.png in Resources */ = {isa = PBXBuildFile; fileRef = B824BC6816A41B330010B2EE /* Default.png */; };
		B824BC6B16A41B330010B2EE /* Default@2x.png in Resources */ = {isa = PBXBuildFile; fileRef = B824BC6A16A41B330010B2EE /* Default@2x.png */; };
		B824BC6D16A41B330010B2EE /* Default-568h@2x.png in Resources */ = {isa = PBXBuildFile; fileRef = B824BC6C16A41B330010B2EE /* Default-568h@2x.png */; };
		B824BC7016A41B330010B2EE /* ViewController.m in Sources */ = {isa = PBXBuildFile; fileRef = B824BC6F16A41B330010B2EE /* ViewController.m */; };
		B824BC7316A41B330010B2EE /* ViewController.xib in Resources */ = {isa = PBXBuildFile; fileRef = B824BC7116A41B330010B2EE /* ViewController.xib */; };
		B8D59A7016A4357500D92830 /* BeerApiClient.m in Sources */ = {isa = PBXBuildFile; fileRef = B8D59A6F16A4357500D92830 /* BeerApiClient.m */; };
		B8D59A7B16A43E9500D92830 /* Beer.m in Sources */ = {isa = PBXBuildFile; fileRef = B8D59A7A16A43E9500D92830 /* Beer.m */; };
/* End PBXBuildFile section */

/* Begin PBXFileReference section */
		0E02A99441394FF89B24FA49 /* libPods.a */ = {isa = PBXFileReference; explicitFileType = archive.ar; includeInIndex = 0; path = libPods.a; sourceTree = BUILT_PRODUCTS_DIR; };
		95C05D2CA1CA4EA9B7460FD6 /* Pods.xcconfig */ = {isa = PBXFileReference; includeInIndex = 1; lastKnownFileType = text.xcconfig; name = Pods.xcconfig; path = Pods/Pods.xcconfig; sourceTree = SOURCE_ROOT; };
		B824BC5216A41B330010B2EE /* ClientBeersAFNetworking.app */ = {isa = PBXFileReference; explicitFileType = wrapper.application; includeInIndex = 0; path = ClientBeersAFNetworking.app; sourceTree = BUILT_PRODUCTS_DIR; };
		B824BC5616A41B330010B2EE /* UIKit.framework */ = {isa = PBXFileReference; lastKnownFileType = wrapper.framework; name = UIKit.framework; path = System/Library/Frameworks/UIKit.framework; sourceTree = SDKROOT; };
		B824BC5816A41B330010B2EE /* Foundation.framework */ = {isa = PBXFileReference; lastKnownFileType = wrapper.framework; name = Foundation.framework; path = System/Library/Frameworks/Foundation.framework; sourceTree = SDKROOT; };
		B824BC5A16A41B330010B2EE /* CoreGraphics.framework */ = {isa = PBXFileReference; lastKnownFileType = wrapper.framework; name = CoreGraphics.framework; path = System/Library/Frameworks/CoreGraphics.framework; sourceTree = SDKROOT; };
		B824BC5E16A41B330010B2EE /* ClientBeersAFNetworking-Info.plist */ = {isa = PBXFileReference; lastKnownFileType = text.plist.xml; path = "ClientBeersAFNetworking-Info.plist"; sourceTree = "<group>"; };
		B824BC6016A41B330010B2EE /* en */ = {isa = PBXFileReference; lastKnownFileType = text.plist.strings; name = en; path = en.lproj/InfoPlist.strings; sourceTree = "<group>"; };
		B824BC6216A41B330010B2EE /* main.m */ = {isa = PBXFileReference; lastKnownFileType = sourcecode.c.objc; path = main.m; sourceTree = "<group>"; };
		B824BC6416A41B330010B2EE /* ClientBeersAFNetworking-Prefix.pch */ = {isa = PBXFileReference; lastKnownFileType = sourcecode.c.h; path = "ClientBeersAFNetworking-Prefix.pch"; sourceTree = "<group>"; };
		B824BC6516A41B330010B2EE /* AppDelegate.h */ = {isa = PBXFileReference; lastKnownFileType = sourcecode.c.h; path = AppDelegate.h; sourceTree = "<group>"; };
		B824BC6616A41B330010B2EE /* AppDelegate.m */ = {isa = PBXFileReference; lastKnownFileType = sourcecode.c.objc; path = AppDelegate.m; sourceTree = "<group>"; };
		B824BC6816A41B330010B2EE /* Default.png */ = {isa = PBXFileReference; lastKnownFileType = image.png; path = Default.png; sourceTree = "<group>"; };
		B824BC6A16A41B330010B2EE /* Default@2x.png */ = {isa = PBXFileReference; lastKnownFileType = image.png; path = "Default@2x.png"; sourceTree = "<group>"; };
		B824BC6C16A41B330010B2EE /* Default-568h@2x.png */ = {isa = PBXFileReference; lastKnownFileType = image.png; path = "Default-568h@2x.png"; sourceTree = "<group>"; };
		B824BC6E16A41B330010B2EE /* ViewController.h */ = {isa = PBXFileReference; lastKnownFileType = sourcecode.c.h; path = ViewController.h; sourceTree = "<group>"; };
		B824BC6F16A41B330010B2EE /* ViewController.m */ = {isa = PBXFileReference; lastKnownFileType = sourcecode.c.objc; path = ViewController.m; sourceTree = "<group>"; };
		B824BC7216A41B330010B2EE /* en */ = {isa = PBXFileReference; lastKnownFileType = file.xib; name = en; path = en.lproj/ViewController.xib; sourceTree = "<group>"; };
		B8D59A6E16A4357500D92830 /* BeerApiClient.h */ = {isa = PBXFileReference; fileEncoding = 4; lastKnownFileType = sourcecode.c.h; path = BeerApiClient.h; sourceTree = "<group>"; };
		B8D59A6F16A4357500D92830 /* BeerApiClient.m */ = {isa = PBXFileReference; fileEncoding = 4; lastKnownFileType = sourcecode.c.objc; path = BeerApiClient.m; sourceTree = "<group>"; };
		B8D59A7916A43E9500D92830 /* Beer.h */ = {isa = PBXFileReference; fileEncoding = 4; lastKnownFileType = sourcecode.c.h; path = Beer.h; sourceTree = "<group>"; };
		B8D59A7A16A43E9500D92830 /* Beer.m */ = {isa = PBXFileReference; fileEncoding = 4; lastKnownFileType = sourcecode.c.objc; path = Beer.m; sourceTree = "<group>"; };
/* End PBXFileReference section */

/* Begin PBXFrameworksBuildPhase section */
		B824BC4F16A41B330010B2EE /* Frameworks */ = {
			isa = PBXFrameworksBuildPhase;
			buildActionMask = 2147483647;
			files = (
				B824BC5716A41B330010B2EE /* UIKit.framework in Frameworks */,
				B824BC5916A41B330010B2EE /* Foundation.framework in Frameworks */,
				B824BC5B16A41B330010B2EE /* CoreGraphics.framework in Frameworks */,
				45C3304929CC4BECAC35456E /* libPods.a in Frameworks */,
			);
			runOnlyForDeploymentPostprocessing = 0;
		};
/* End PBXFrameworksBuildPhase section */

/* Begin PBXGroup section */
		B824BC4716A41B330010B2EE = {
			isa = PBXGroup;
			children = (
				B824BC5C16A41B330010B2EE /* ClientBeersAFNetworking */,
				B824BC5516A41B330010B2EE /* Frameworks */,
				B824BC5316A41B330010B2EE /* Products */,
				95C05D2CA1CA4EA9B7460FD6 /* Pods.xcconfig */,
			);
			sourceTree = "<group>";
		};
		B824BC5316A41B330010B2EE /* Products */ = {
			isa = PBXGroup;
			children = (
				B824BC5216A41B330010B2EE /* ClientBeersAFNetworking.app */,
			);
			name = Products;
			sourceTree = "<group>";
		};
		B824BC5516A41B330010B2EE /* Frameworks */ = {
			isa = PBXGroup;
			children = (
				B824BC5616A41B330010B2EE /* UIKit.framework */,
				B824BC5816A41B330010B2EE /* Foundation.framework */,
				B824BC5A16A41B330010B2EE /* CoreGraphics.framework */,
				0E02A99441394FF89B24FA49 /* libPods.a */,
			);
			name = Frameworks;
			sourceTree = "<group>";
		};
		B824BC5C16A41B330010B2EE /* ClientBeersAFNetworking */ = {
			isa = PBXGroup;
			children = (
				B8D59A7916A43E9500D92830 /* Beer.h */,
				B8D59A7A16A43E9500D92830 /* Beer.m */,
				B824BC6516A41B330010B2EE /* AppDelegate.h */,
				B824BC6616A41B330010B2EE /* AppDelegate.m */,
				B824BC6E16A41B330010B2EE /* ViewController.h */,
				B824BC6F16A41B330010B2EE /* ViewController.m */,
				B824BC7116A41B330010B2EE /* ViewController.xib */,
				B8D59A6E16A4357500D92830 /* BeerApiClient.h */,
				B8D59A6F16A4357500D92830 /* BeerApiClient.m */,
				B824BC5D16A41B330010B2EE /* Supporting Files */,
			);
			path = ClientBeersAFNetworking;
			sourceTree = "<group>";
		};
		B824BC5D16A41B330010B2EE /* Supporting Files */ = {
			isa = PBXGroup;
			children = (
				B824BC5E16A41B330010B2EE /* ClientBeersAFNetworking-Info.plist */,
				B824BC5F16A41B330010B2EE /* InfoPlist.strings */,
				B824BC6216A41B330010B2EE /* main.m */,
				B824BC6416A41B330010B2EE /* ClientBeersAFNetworking-Prefix.pch */,
				B824BC6816A41B330010B2EE /* Default.png */,
				B824BC6A16A41B330010B2EE /* Default@2x.png */,
				B824BC6C16A41B330010B2EE /* Default-568h@2x.png */,
			);
			name = "Supporting Files";
			sourceTree = "<group>";
		};
/* End PBXGroup section */

/* Begin PBXNativeTarget section */
		B824BC5116A41B330010B2EE /* ClientBeersAFNetworking */ = {
			isa = PBXNativeTarget;
			buildConfigurationList = B824BC7616A41B330010B2EE /* Build configuration list for PBXNativeTarget "ClientBeersAFNetworking" */;
			buildPhases = (
				B824BC4E16A41B330010B2EE /* Sources */,
				B824BC4F16A41B330010B2EE /* Frameworks */,
				B824BC5016A41B330010B2EE /* Resources */,
				54FD343A60A34B8A872670A6 /* Copy Pods Resources */,
			);
			buildRules = (
			);
			dependencies = (
			);
			name = ClientBeersAFNetworking;
			productName = ClientBeersAFNetworking;
			productReference = B824BC5216A41B330010B2EE /* ClientBeersAFNetworking.app */;
			productType = "com.apple.product-type.application";
		};
/* End PBXNativeTarget section */

/* Begin PBXProject section */
		B824BC4916A41B330010B2EE /* Project object */ = {
			isa = PBXProject;
			attributes = {
				LastUpgradeCheck = 0450;
				ORGANIZATIONNAME = "Gr√©goire Jacquin";
			};
			buildConfigurationList = B824BC4C16A41B330010B2EE /* Build configuration list for PBXProject "ClientBeersAFNetworking" */;
			compatibilityVersion = "Xcode 3.2";
			developmentRegion = English;
			hasScannedForEncodings = 0;
			knownRegions = (
				en,
			);
			mainGroup = B824BC4716A41B330010B2EE;
			productRefGroup = B824BC5316A41B330010B2EE /* Products */;
			projectDirPath = "";
			projectRoot = "";
			targets = (
				B824BC5116A41B330010B2EE /* ClientBeersAFNetworking */,
			);
		};
/* End PBXProject section */

/* Begin PBXResourcesBuildPhase section */
		B824BC5016A41B330010B2EE /* Resources */ = {
			isa = PBXResourcesBuildPhase;
			buildActionMask = 2147483647;
			files = (
				B824BC6116A41B330010B2EE /* InfoPlist.strings in Resources */,
				B824BC6916A41B330010B2EE /* Default.png in Resources */,
				B824BC6B16A41B330010B2EE /* Default@2x.png in Resources */,
				B824BC6D16A41B330010B2EE /* Default-568h@2x.png in Resources */,
				B824BC7316A41B330010B2EE /* ViewController.xib in Resources */,
			);
			runOnlyForDeploymentPostprocessing = 0;
		};
/* End PBXResourcesBuildPhase section */

/* Begin PBXShellScriptBuildPhase section */
		54FD343A60A34B8A872670A6 /* Copy Pods Resources */ = {
			isa = PBXShellScriptBuildPhase;
			buildActionMask = 2147483647;
			files = (
			);
			inputPaths = (
			);
			name = "Copy Pods Resources";
			outputPaths = (
			);
			runOnlyForDeploymentPostprocessing = 0;
			shellPath = /bin/sh;
			shellScript = "\"${SRCROOT}/Pods/Pods-resources.sh\"\n";
		};
/* End PBXShellScriptBuildPhase section */

/* Begin PBXSourcesBuildPhase section */
		B824BC4E16A41B330010B2EE /* Sources */ = {
			isa = PBXSourcesBuildPhase;
			buildActionMask = 2147483647;
			files = (
				B824BC6316A41B330010B2EE /* main.m in Sources */,
				B824BC6716A41B330010B2EE /* AppDelegate.m in Sources */,
				B824BC7016A41B330010B2EE /* ViewController.m in Sources */,
				B8D59A7016A4357500D92830 /* BeerApiClient.m in Sources */,
				B8D59A7B16A43E9500D92830 /* Beer.m in Sources */,
			);
			runOnlyForDeploymentPostprocessing = 0;
		};
/* End PBXSourcesBuildPhase section */

/* Begin PBXVariantGroup section */
		B824BC5F16A41B330010B2EE /* InfoPlist.strings */ = {
			isa = PBXVariantGroup;
			children = (
				B824BC6016A41B330010B2EE /* en */,
			);
			name = InfoPlist.strings;
			sourceTree = "<group>";
		};
		B824BC7116A41B330010B2EE /* ViewController.xib */ = {
			isa = PBXVariantGroup;
			children = (
				B824BC7216A41B330010B2EE /* en */,
			);
			name = ViewController.xib;
			sourceTree = "<group>";
		};
/* End PBXVariantGroup section */

/* Begin XCBuildConfiguration section */
		B824BC7416A41B330010B2EE /* Debug */ = {
			isa = XCBuildConfiguration;
			buildSettings = {
				ALWAYS_SEARCH_USER_PATHS = NO;
				CLANG_CXX_LANGUAGE_STANDARD = "gnu++0x";
				CLANG_CXX_LIBRARY = "libc++";
				CLANG_WARN_EMPTY_BODY = YES;
				CLANG_WARN__DUPLICATE_METHOD_MATCH = YES;
				"CODE_SIGN_IDENTITY[sdk=iphoneos*]" = "iPhone Developer";
				COPY_PHASE_STRIP = NO;
				GCC_C_LANGUAGE_STANDARD = gnu99;
				GCC_DYNAMIC_NO_PIC = NO;
				GCC_OPTIMIZATION_LEVEL = 0;
				GCC_PREPROCESSOR_DEFINITIONS = (
					"DEBUG=1",
					"$(inherited)",
				);
				GCC_SYMBOLS_PRIVATE_EXTERN = NO;
				GCC_WARN_ABOUT_RETURN_TYPE = YES;
				GCC_WARN_UNINITIALIZED_AUTOS = YES;
				GCC_WARN_UNUSED_VARIABLE = YES;
				IPHONEOS_DEPLOYMENT_TARGET = 6.0;
				ONLY_ACTIVE_ARCH = YES;
				SDKROOT = iphoneos;
			};
			name = Debug;
		};
		B824BC7516A41B330010B2EE /* Release */ = {
			isa = XCBuildConfiguration;
			buildSettings = {
				ALWAYS_SEARCH_USER_PATHS = NO;
				CLANG_CXX_LANGUAGE_STANDARD = "gnu++0x";
				CLANG_CXX_LIBRARY = "libc++";
				CLANG_WARN_EMPTY_BODY = YES;
				CLANG_WARN__DUPLICATE_METHOD_MATCH = YES;
				"CODE_SIGN_IDENTITY[sdk=iphoneos*]" = "iPhone Developer";
				COPY_PHASE_STRIP = YES;
				GCC_C_LANGUAGE_STANDARD = gnu99;
				GCC_WARN_ABOUT_RETURN_TYPE = YES;
				GCC_WARN_UNINITIALIZED_AUTOS = YES;
				GCC_WARN_UNUSED_VARIABLE = YES;
				IPHONEOS_DEPLOYMENT_TARGET = 6.0;
				OTHER_CFLAGS = "-DNS_BLOCK_ASSERTIONS=1";
				SDKROOT = iphoneos;
				VALIDATE_PRODUCT = YES;
			};
			name = Release;
		};
		B824BC7716A41B330010B2EE /* Debug */ = {
			isa = XCBuildConfiguration;
			baseConfigurationReference = 95C05D2CA1CA4EA9B7460FD6 /* Pods.xcconfig */;
			buildSettings = {
				GCC_PRECOMPILE_PREFIX_HEADER = YES;
				GCC_PREFIX_HEADER = "ClientBeersAFNetworking/ClientBeersAFNetworking-Prefix.pch";
				INFOPLIST_FILE = "ClientBeersAFNetworking/ClientBeersAFNetworking-Info.plist";
				PRODUCT_NAME = "$(TARGET_NAME)";
				WRAPPER_EXTENSION = app;
			};
			name = Debug;
		};
		B824BC7816A41B330010B2EE /* Release */ = {
			isa = XCBuildConfiguration;
			baseConfigurationReference = 95C05D2CA1CA4EA9B7460FD6 /* Pods.xcconfig */;
			buildSettings = {
				GCC_PRECOMPILE_PREFIX_HEADER = YES;
				GCC_PREFIX_HEADER = "ClientBeersAFNetworking/ClientBeersAFNetworking-Prefix.pch";
				INFOPLIST_FILE = "ClientBeersAFNetworking/ClientBeersAFNetworking-Info.plist";
				PRODUCT_NAME = "$(TARGET_NAME)";
				WRAPPER_EXTENSION = app;
			};
			name = Release;
		};
/* End XCBuildConfiguration section */

/* Begin XCConfigurationList section */
		B824BC4C16A41B330010B2EE /* Build configuration list for PBXProject "ClientBeersAFNetworking" */ = {
			isa = XCConfigurationList;
			buildConfigurations = (
				B824BC7416A41B330010B2EE /* Debug */,
				B824BC7516A41B330010B2EE /* Release */,
			);
			defaultConfigurationIsVisible = 0;
			defaultConfigurationName = Release;
		};
		B824BC7616A41B330010B2EE /* Build configuration list for PBXNativeTarget "ClientBeersAFNetworking" */ = {
			isa = XCConfigurationList;
			buildConfigurations = (
				B824BC7716A41B330010B2EE /* Debug */,
				B824BC7816A41B330010B2EE /* Release */,
			);
			defaultConfigurationIsVisible = 0;
			defaultConfigurationName = Release;
		};
/* End XCConfigurationList section */
	};
	rootObject = B824BC4916A41B330010B2EE /* Project object */;
}
